
Microsoft Visual Studio Solution File, Format Version 12.00
# Visual Studio Version 17
VisualStudioVersion = 17.7.34003.232
MinimumVisualStudioVersion = 10.0.40219.1
Project("{FAE04EC0-301F-11D3-BF4B-00C04F79EFBC}") = "Protokoll_Implementierung", "Protokoll_Implementierung\Protokoll_Implementierung.csproj", "{5F0D61ED-903E-449D-A8BE-13A31433CC83}"
EndProject
Global
	GlobalSection(SolutionConfigurationPlatforms) = preSolution
		Debug|Any CPU = Debug|Any CPU
		Release|Any CPU = Release|Any CPU
	EndGlobalSection
	GlobalSection(ProjectConfigurationPlatforms) = postSolution
		{5F0D61ED-903E-449D-A8BE-13A31433CC83}.Debug|Any CPU.ActiveCfg = Debug|Any CPU
		{5F0D61ED-903E-449D-A8BE-13A31433CC83}.Debug|Any CPU.Build.0 = Debug|Any CPU
		{5F0D61ED-903E-449D-A8BE-13A31433CC83}.Release|Any CPU.ActiveCfg = Release|Any CPU
		{5F0D61ED-903E-449D-A8BE-13A31433CC83}.Release|Any CPU.Build.0 = Release|Any CPU
	EndGlobalSection
	GlobalSection(SolutionProperties) = preSolution
		HideSolutionNode = FALSE
	EndGlobalSection
	GlobalSection(ExtensibilityGlobals) = postSolution
		SolutionGuid = {82577965-9050-4D96-ABB9-5CB4252CC987}
	EndGlobalSection
EndGlobal
