
Microsoft Visual Studio Solution File, Format Version 12.00
# Visual Studio Version 17
VisualStudioVersion = 17.6.33829.357
MinimumVisualStudioVersion = 10.0.40219.1
Project("{FAE04EC0-301F-11D3-BF4B-00C04F79EFBC}") = "MQTT-Event-Driven", "MQTT-Event-Driven\MQTT-Event-Driven.csproj", "{A589F046-A985-4226-9CB7-19ABFAB40548}"
EndProject
Project("{FAE04EC0-301F-11D3-BF4B-00C04F79EFBC}") = "Game_Logic", "..\Game_Logic\Game_Logic\Game_Logic.csproj", "{1DF5BF35-3403-4CBA-A8AF-BB8518C38327}"
EndProject
Project("{FAE04EC0-301F-11D3-BF4B-00C04F79EFBC}") = "minigame-center", "..\minigame-center\minigame-center\minigame-center.csproj", "{EB86F539-3231-4404-8A26-5B0618828B68}"
EndProject
Global
	GlobalSection(SolutionConfigurationPlatforms) = preSolution
		Debug|Any CPU = Debug|Any CPU
		Release|Any CPU = Release|Any CPU
	EndGlobalSection
	GlobalSection(ProjectConfigurationPlatforms) = postSolution
		{A589F046-A985-4226-9CB7-19ABFAB40548}.Debug|Any CPU.ActiveCfg = Debug|Any CPU
		{A589F046-A985-4226-9CB7-19ABFAB40548}.Debug|Any CPU.Build.0 = Debug|Any CPU
		{A589F046-A985-4226-9CB7-19ABFAB40548}.Release|Any CPU.ActiveCfg = Release|Any CPU
		{A589F046-A985-4226-9CB7-19ABFAB40548}.Release|Any CPU.Build.0 = Release|Any CPU
		{1DF5BF35-3403-4CBA-A8AF-BB8518C38327}.Debug|Any CPU.ActiveCfg = Debug|Any CPU
		{1DF5BF35-3403-4CBA-A8AF-BB8518C38327}.Debug|Any CPU.Build.0 = Debug|Any CPU
		{1DF5BF35-3403-4CBA-A8AF-BB8518C38327}.Release|Any CPU.ActiveCfg = Release|Any CPU
		{1DF5BF35-3403-4CBA-A8AF-BB8518C38327}.Release|Any CPU.Build.0 = Release|Any CPU
		{EB86F539-3231-4404-8A26-5B0618828B68}.Debug|Any CPU.ActiveCfg = Debug|Any CPU
		{EB86F539-3231-4404-8A26-5B0618828B68}.Debug|Any CPU.Build.0 = Debug|Any CPU
		{EB86F539-3231-4404-8A26-5B0618828B68}.Release|Any CPU.ActiveCfg = Release|Any CPU
		{EB86F539-3231-4404-8A26-5B0618828B68}.Release|Any CPU.Build.0 = Release|Any CPU
	EndGlobalSection
	GlobalSection(SolutionProperties) = preSolution
		HideSolutionNode = FALSE
	EndGlobalSection
	GlobalSection(ExtensibilityGlobals) = postSolution
		SolutionGuid = {14AEB496-CF3D-4B01-9A96-7CE6E5FC8990}
	EndGlobalSection
EndGlobal
